
Microsoft Visual Studio Solution File, Format Version 12.00
# Visual Studio 15
VisualStudioVersion = 15.0.26228.9
MinimumVisualStudioVersion = 10.0.40219.1
Project("{FAE04EC0-301F-11D3-BF4B-00C04F79EFBC}") = "FactoryPattern", "FactoryPattern\FactoryPattern.csproj", "{2BC0E5D7-6DC7-4B57-934B-5D2876073F23}"
EndProject
Project("{FAE04EC0-301F-11D3-BF4B-00C04F79EFBC}") = "FacadePattern", "FacadePattern\FacadePattern.csproj", "{0EC061E6-ABF2-4951-8FC2-AA7C086E2A01}"
EndProject
Project("{FAE04EC0-301F-11D3-BF4B-00C04F79EFBC}") = "VisitorPattern", "VisitorPattern\VisitorPattern.csproj", "{C8150B77-FA61-4FC0-9152-12F637B6C70A}"
EndProject
Global
	GlobalSection(SolutionConfigurationPlatforms) = preSolution
		Debug|Any CPU = Debug|Any CPU
		Release|Any CPU = Release|Any CPU
	EndGlobalSection
	GlobalSection(ProjectConfigurationPlatforms) = postSolution
		{2BC0E5D7-6DC7-4B57-934B-5D2876073F23}.Debug|Any CPU.ActiveCfg = Debug|Any CPU
		{2BC0E5D7-6DC7-4B57-934B-5D2876073F23}.Debug|Any CPU.Build.0 = Debug|Any CPU
		{2BC0E5D7-6DC7-4B57-934B-5D2876073F23}.Release|Any CPU.ActiveCfg = Release|Any CPU
		{2BC0E5D7-6DC7-4B57-934B-5D2876073F23}.Release|Any CPU.Build.0 = Release|Any CPU
		{0EC061E6-ABF2-4951-8FC2-AA7C086E2A01}.Debug|Any CPU.ActiveCfg = Debug|Any CPU
		{0EC061E6-ABF2-4951-8FC2-AA7C086E2A01}.Debug|Any CPU.Build.0 = Debug|Any CPU
		{0EC061E6-ABF2-4951-8FC2-AA7C086E2A01}.Release|Any CPU.ActiveCfg = Release|Any CPU
		{0EC061E6-ABF2-4951-8FC2-AA7C086E2A01}.Release|Any CPU.Build.0 = Release|Any CPU
		{C8150B77-FA61-4FC0-9152-12F637B6C70A}.Debug|Any CPU.ActiveCfg = Debug|Any CPU
		{C8150B77-FA61-4FC0-9152-12F637B6C70A}.Debug|Any CPU.Build.0 = Debug|Any CPU
		{C8150B77-FA61-4FC0-9152-12F637B6C70A}.Release|Any CPU.ActiveCfg = Release|Any CPU
		{C8150B77-FA61-4FC0-9152-12F637B6C70A}.Release|Any CPU.Build.0 = Release|Any CPU
	EndGlobalSection
	GlobalSection(SolutionProperties) = preSolution
		HideSolutionNode = FALSE
	EndGlobalSection
EndGlobal
